
Microsoft Visual Studio Solution File, Format Version 12.00
# Visual Studio Version 17
VisualStudioVersion = 17.6.33815.320
MinimumVisualStudioVersion = 10.0.40219.1
Project("{9A19103F-16F7-4668-BE54-9A1E7A4F7556}") = "Products.API", "ProductsInfo.API\Products.API.csproj", "{387F6B92-82E4-4463-91E6-F2E9B7C4E830}"
EndProject
Global
	GlobalSection(SolutionConfigurationPlatforms) = preSolution
		Debug|Any CPU = Debug|Any CPU
		Release|Any CPU = Release|Any CPU
	EndGlobalSection
	GlobalSection(ProjectConfigurationPlatforms) = postSolution
		{387F6B92-82E4-4463-91E6-F2E9B7C4E830}.Debug|Any CPU.ActiveCfg = Debug|Any CPU
		{387F6B92-82E4-4463-91E6-F2E9B7C4E830}.Debug|Any CPU.Build.0 = Debug|Any CPU
		{387F6B92-82E4-4463-91E6-F2E9B7C4E830}.Release|Any CPU.ActiveCfg = Release|Any CPU
		{387F6B92-82E4-4463-91E6-F2E9B7C4E830}.Release|Any CPU.Build.0 = Release|Any CPU
	EndGlobalSection
	GlobalSection(SolutionProperties) = preSolution
		HideSolutionNode = FALSE
	EndGlobalSection
	GlobalSection(ExtensibilityGlobals) = postSolution
		SolutionGuid = {D650AE13-10F5-4767-A5C3-EDB1845313C3}
	EndGlobalSection
EndGlobal
